
Microsoft Visual Studio Solution File, Format Version 12.00
# Visual Studio Version 17
VisualStudioVersion = 17.9.34622.214
MinimumVisualStudioVersion = 10.0.40219.1
Project("{FAE04EC0-301F-11D3-BF4B-00C04F79EFBC}") = "BookshopDomain", "BookshopMVC.BookshopDomain\BookshopDomain.csproj", "{7C2491A8-B134-464B-9A90-C162F46C29DD}"
EndProject
Project("{FAE04EC0-301F-11D3-BF4B-00C04F79EFBC}") = "BookshopInfrastructure", "BookshopInfrastructure\BookshopInfrastructure.csproj", "{DBE319A7-EB7F-41A9-98D2-20B05DDE4FE9}"
EndProject
Global
	GlobalSection(SolutionConfigurationPlatforms) = preSolution
		Debug|Any CPU = Debug|Any CPU
		Release|Any CPU = Release|Any CPU
	EndGlobalSection
	GlobalSection(ProjectConfigurationPlatforms) = postSolution
		{7C2491A8-B134-464B-9A90-C162F46C29DD}.Debug|Any CPU.ActiveCfg = Debug|Any CPU
		{7C2491A8-B134-464B-9A90-C162F46C29DD}.Debug|Any CPU.Build.0 = Debug|Any CPU
		{7C2491A8-B134-464B-9A90-C162F46C29DD}.Release|Any CPU.ActiveCfg = Release|Any CPU
		{7C2491A8-B134-464B-9A90-C162F46C29DD}.Release|Any CPU.Build.0 = Release|Any CPU
		{DBE319A7-EB7F-41A9-98D2-20B05DDE4FE9}.Debug|Any CPU.ActiveCfg = Debug|Any CPU
		{DBE319A7-EB7F-41A9-98D2-20B05DDE4FE9}.Debug|Any CPU.Build.0 = Debug|Any CPU
		{DBE319A7-EB7F-41A9-98D2-20B05DDE4FE9}.Release|Any CPU.ActiveCfg = Release|Any CPU
		{DBE319A7-EB7F-41A9-98D2-20B05DDE4FE9}.Release|Any CPU.Build.0 = Release|Any CPU
	EndGlobalSection
	GlobalSection(SolutionProperties) = preSolution
		HideSolutionNode = FALSE
	EndGlobalSection
	GlobalSection(ExtensibilityGlobals) = postSolution
		SolutionGuid = {65CFA6FE-64AE-4BB6-80C6-2B98AFF538A6}
	EndGlobalSection
EndGlobal
